
Microsoft Visual Studio Solution File, Format Version 12.00
# Visual Studio 15
VisualStudioVersion = 15.0.27004.2009
MinimumVisualStudioVersion = 10.0.40219.1
Project("{FAE04EC0-301F-11D3-BF4B-00C04F79EFBC}") = "untappd", "untappd\untappd.csproj", "{6117A514-869E-4ADD-8D8B-6F5DADD16650}"
EndProject
Global
	GlobalSection(SolutionConfigurationPlatforms) = preSolution
		Debug|Any CPU = Debug|Any CPU
		Release|Any CPU = Release|Any CPU
	EndGlobalSection
	GlobalSection(ProjectConfigurationPlatforms) = postSolution
		{6117A514-869E-4ADD-8D8B-6F5DADD16650}.Debug|Any CPU.ActiveCfg = Debug|Any CPU
		{6117A514-869E-4ADD-8D8B-6F5DADD16650}.Debug|Any CPU.Build.0 = Debug|Any CPU
		{6117A514-869E-4ADD-8D8B-6F5DADD16650}.Release|Any CPU.ActiveCfg = Release|Any CPU
		{6117A514-869E-4ADD-8D8B-6F5DADD16650}.Release|Any CPU.Build.0 = Release|Any CPU
	EndGlobalSection
	GlobalSection(SolutionProperties) = preSolution
		HideSolutionNode = FALSE
	EndGlobalSection
	GlobalSection(ExtensibilityGlobals) = postSolution
		SolutionGuid = {39D33C43-004C-4805-8F8B-F47A3759F101}
	EndGlobalSection
EndGlobal
